
Microsoft Visual Studio Solution File, Format Version 12.00
# Visual Studio Version 17
VisualStudioVersion = 17.0.32112.339
MinimumVisualStudioVersion = 10.0.40219.1
Project("{FAE04EC0-301F-11D3-BF4B-00C04F79EFBC}") = "TodoList.UWP", "TodoList.UWP\TodoList.UWP.csproj", "{22940511-8939-426C-B9E8-B8CD85D27325}"
EndProject
Project("{FAE04EC0-301F-11D3-BF4B-00C04F79EFBC}") = "TodoList.Android", "TodoList.Android\TodoList.Android.csproj", "{639F99A6-41D6-4B74-8E7E-C271757611DD}"
EndProject
Project("{FAE04EC0-301F-11D3-BF4B-00C04F79EFBC}") = "TodoList.iOS", "TodoList.iOS\TodoList.iOS.csproj", "{5EA4025F-CE7B-4562-91F1-7EC297D0EEF3}"
EndProject
Project("{9A19103F-16F7-4668-BE54-9A1E7A4F7556}") = "TodoList", "TodoList\TodoList.csproj", "{487E5AE7-1872-4455-88BB-27849A986281}"
EndProject
Global
	GlobalSection(SolutionConfigurationPlatforms) = preSolution
		Debug|Any CPU = Debug|Any CPU
		Debug|ARM = Debug|ARM
		Debug|iPhone = Debug|iPhone
		Debug|iPhoneSimulator = Debug|iPhoneSimulator
		Debug|x64 = Debug|x64
		Debug|x86 = Debug|x86
		Release|Any CPU = Release|Any CPU
		Release|ARM = Release|ARM
		Release|iPhone = Release|iPhone
		Release|iPhoneSimulator = Release|iPhoneSimulator
		Release|x64 = Release|x64
		Release|x86 = Release|x86
	EndGlobalSection
	GlobalSection(ProjectConfigurationPlatforms) = postSolution
		{22940511-8939-426C-B9E8-B8CD85D27325}.Debug|Any CPU.ActiveCfg = Debug|x64
		{22940511-8939-426C-B9E8-B8CD85D27325}.Debug|Any CPU.Build.0 = Debug|x64
		{22940511-8939-426C-B9E8-B8CD85D27325}.Debug|Any CPU.Deploy.0 = Debug|x64
		{22940511-8939-426C-B9E8-B8CD85D27325}.Debug|ARM.ActiveCfg = Debug|ARM
		{22940511-8939-426C-B9E8-B8CD85D27325}.Debug|ARM.Build.0 = Debug|ARM
		{22940511-8939-426C-B9E8-B8CD85D27325}.Debug|ARM.Deploy.0 = Debug|ARM
		{22940511-8939-426C-B9E8-B8CD85D27325}.Debug|iPhone.ActiveCfg = Debug|x64
		{22940511-8939-426C-B9E8-B8CD85D27325}.Debug|iPhone.Build.0 = Debug|x64
		{22940511-8939-426C-B9E8-B8CD85D27325}.Debug|iPhone.Deploy.0 = Debug|x64
		{22940511-8939-426C-B9E8-B8CD85D27325}.Debug|iPhoneSimulator.ActiveCfg = Debug|x64
		{22940511-8939-426C-B9E8-B8CD85D27325}.Debug|iPhoneSimulator.Build.0 = Debug|x64
		{22940511-8939-426C-B9E8-B8CD85D27325}.Debug|iPhoneSimulator.Deploy.0 = Debug|x64
		{22940511-8939-426C-B9E8-B8CD85D27325}.Debug|x64.ActiveCfg = Debug|x64
		{22940511-8939-426C-B9E8-B8CD85D27325}.Debug|x64.Build.0 = Debug|x64
		{22940511-8939-426C-B9E8-B8CD85D27325}.Debug|x64.Deploy.0 = Debug|x64
		{22940511-8939-426C-B9E8-B8CD85D27325}.Debug|x86.ActiveCfg = Debug|x86
		{22940511-8939-426C-B9E8-B8CD85D27325}.Debug|x86.Build.0 = Debug|x86
		{22940511-8939-426C-B9E8-B8CD85D27325}.Debug|x86.Deploy.0 = Debug|x86
		{22940511-8939-426C-B9E8-B8CD85D27325}.Release|Any CPU.ActiveCfg = Release|x64
		{22940511-8939-426C-B9E8-B8CD85D27325}.Release|Any CPU.Build.0 = Release|x64
		{22940511-8939-426C-B9E8-B8CD85D27325}.Release|Any CPU.Deploy.0 = Release|x64
		{22940511-8939-426C-B9E8-B8CD85D27325}.Release|ARM.ActiveCfg = Release|ARM
		{22940511-8939-426C-B9E8-B8CD85D27325}.Release|ARM.Build.0 = Release|ARM
		{22940511-8939-426C-B9E8-B8CD85D27325}.Release|ARM.Deploy.0 = Release|ARM
		{22940511-8939-426C-B9E8-B8CD85D27325}.Release|iPhone.ActiveCfg = Release|x64
		{22940511-8939-426C-B9E8-B8CD85D27325}.Release|iPhone.Build.0 = Release|x64
		{22940511-8939-426C-B9E8-B8CD85D27325}.Release|iPhone.Deploy.0 = Release|x64
		{22940511-8939-426C-B9E8-B8CD85D27325}.Release|iPhoneSimulator.ActiveCfg = Release|x64
		{22940511-8939-426C-B9E8-B8CD85D27325}.Release|iPhoneSimulator.Build.0 = Release|x64
		{22940511-8939-426C-B9E8-B8CD85D27325}.Release|iPhoneSimulator.Deploy.0 = Release|x64
		{22940511-8939-426C-B9E8-B8CD85D27325}.Release|x64.ActiveCfg = Release|x64
		{22940511-8939-426C-B9E8-B8CD85D27325}.Release|x64.Build.0 = Release|x64
		{22940511-8939-426C-B9E8-B8CD85D27325}.Release|x64.Deploy.0 = Release|x64
		{22940511-8939-426C-B9E8-B8CD85D27325}.Release|x86.ActiveCfg = Release|x86
		{22940511-8939-426C-B9E8-B8CD85D27325}.Release|x86.Build.0 = Release|x86
		{22940511-8939-426C-B9E8-B8CD85D27325}.Release|x86.Deploy.0 = Release|x86
		{639F99A6-41D6-4B74-8E7E-C271757611DD}.Debug|Any CPU.ActiveCfg = Debug|Any CPU
		{639F99A6-41D6-4B74-8E7E-C271757611DD}.Debug|Any CPU.Build.0 = Debug|Any CPU
		{639F99A6-41D6-4B74-8E7E-C271757611DD}.Debug|Any CPU.Deploy.0 = Debug|Any CPU
		{639F99A6-41D6-4B74-8E7E-C271757611DD}.Debug|ARM.ActiveCfg = Debug|Any CPU
		{639F99A6-41D6-4B74-8E7E-C271757611DD}.Debug|ARM.Build.0 = Debug|Any CPU
		{639F99A6-41D6-4B74-8E7E-C271757611DD}.Debug|ARM.Deploy.0 = Debug|Any CPU
		{639F99A6-41D6-4B74-8E7E-C271757611DD}.Debug|iPhone.ActiveCfg = Debug|Any CPU
		{639F99A6-41D6-4B74-8E7E-C271757611DD}.Debug|iPhone.Build.0 = Debug|Any CPU
		{639F99A6-41D6-4B74-8E7E-C271757611DD}.Debug|iPhone.Deploy.0 = Debug|Any CPU
		{639F99A6-41D6-4B74-8E7E-C271757611DD}.Debug|iPhoneSimulator.ActiveCfg = Debug|Any CPU
		{639F99A6-41D6-4B74-8E7E-C271757611DD}.Debug|iPhoneSimulator.Build.0 = Debug|Any CPU
		{639F99A6-41D6-4B74-8E7E-C271757611DD}.Debug|iPhoneSimulator.Deploy.0 = Debug|Any CPU
		{639F99A6-41D6-4B74-8E7E-C271757611DD}.Debug|x64.ActiveCfg = Debug|Any CPU
		{639F99A6-41D6-4B74-8E7E-C271757611DD}.Debug|x64.Build.0 = Debug|Any CPU
		{639F99A6-41D6-4B74-8E7E-C271757611DD}.Debug|x64.Deploy.0 = Debug|Any CPU
		{639F99A6-41D6-4B74-8E7E-C271757611DD}.Debug|x86.ActiveCfg = Debug|Any CPU
		{639F99A6-41D6-4B74-8E7E-C271757611DD}.Debug|x86.Build.0 = Debug|Any CPU
		{639F99A6-41D6-4B74-8E7E-C271757611DD}.Debug|x86.Deploy.0 = Debug|Any CPU
		{639F99A6-41D6-4B74-8E7E-C271757611DD}.Release|Any CPU.ActiveCfg = Release|Any CPU
		{639F99A6-41D6-4B74-8E7E-C271757611DD}.Release|Any CPU.Build.0 = Release|Any CPU
		{639F99A6-41D6-4B74-8E7E-C271757611DD}.Release|Any CPU.Deploy.0 = Release|Any CPU
		{639F99A6-41D6-4B74-8E7E-C271757611DD}.Release|ARM.ActiveCfg = Release|Any CPU
		{639F99A6-41D6-4B74-8E7E-C271757611DD}.Release|ARM.Build.0 = Release|Any CPU
		{639F99A6-41D6-4B74-8E7E-C271757611DD}.Release|ARM.Deploy.0 = Release|Any CPU
		{639F99A6-41D6-4B74-8E7E-C271757611DD}.Release|iPhone.ActiveCfg = Release|Any CPU
		{639F99A6-41D6-4B74-8E7E-C271757611DD}.Release|iPhone.Build.0 = Release|Any CPU
		{639F99A6-41D6-4B74-8E7E-C271757611DD}.Release|iPhone.Deploy.0 = Release|Any CPU
		{639F99A6-41D6-4B74-8E7E-C271757611DD}.Release|iPhoneSimulator.ActiveCfg = Release|Any CPU
		{639F99A6-41D6-4B74-8E7E-C271757611DD}.Release|iPhoneSimulator.Build.0 = Release|Any CPU
		{639F99A6-41D6-4B74-8E7E-C271757611DD}.Release|iPhoneSimulator.Deploy.0 = Release|Any CPU
		{639F99A6-41D6-4B74-8E7E-C271757611DD}.Release|x64.ActiveCfg = Release|Any CPU
		{639F99A6-41D6-4B74-8E7E-C271757611DD}.Release|x64.Build.0 = Release|Any CPU
		{639F99A6-41D6-4B74-8E7E-C271757611DD}.Release|x64.Deploy.0 = Release|Any CPU
		{639F99A6-41D6-4B74-8E7E-C271757611DD}.Release|x86.ActiveCfg = Release|Any CPU
		{639F99A6-41D6-4B74-8E7E-C271757611DD}.Release|x86.Build.0 = Release|Any CPU
		{639F99A6-41D6-4B74-8E7E-C271757611DD}.Release|x86.Deploy.0 = Release|Any CPU
		{5EA4025F-CE7B-4562-91F1-7EC297D0EEF3}.Debug|Any CPU.ActiveCfg = Debug|iPhoneSimulator
		{5EA4025F-CE7B-4562-91F1-7EC297D0EEF3}.Debug|Any CPU.Build.0 = Debug|iPhoneSimulator
		{5EA4025F-CE7B-4562-91F1-7EC297D0EEF3}.Debug|Any CPU.Deploy.0 = Debug|iPhoneSimulator
		{5EA4025F-CE7B-4562-91F1-7EC297D0EEF3}.Debug|ARM.ActiveCfg = Debug|iPhoneSimulator
		{5EA4025F-CE7B-4562-91F1-7EC297D0EEF3}.Debug|ARM.Build.0 = Debug|iPhoneSimulator
		{5EA4025F-CE7B-4562-91F1-7EC297D0EEF3}.Debug|ARM.Deploy.0 = Debug|iPhoneSimulator
		{5EA4025F-CE7B-4562-91F1-7EC297D0EEF3}.Debug|iPhone.ActiveCfg = Debug|iPhone
		{5EA4025F-CE7B-4562-91F1-7EC297D0EEF3}.Debug|iPhone.Build.0 = Debug|iPhone
		{5EA4025F-CE7B-4562-91F1-7EC297D0EEF3}.Debug|iPhone.Deploy.0 = Debug|iPhone
		{5EA4025F-CE7B-4562-91F1-7EC297D0EEF3}.Debug|iPhoneSimulator.ActiveCfg = Debug|iPhoneSimulator
		{5EA4025F-CE7B-4562-91F1-7EC297D0EEF3}.Debug|iPhoneSimulator.Build.0 = Debug|iPhoneSimulator
		{5EA4025F-CE7B-4562-91F1-7EC297D0EEF3}.Debug|iPhoneSimulator.Deploy.0 = Debug|iPhoneSimulator
		{5EA4025F-CE7B-4562-91F1-7EC297D0EEF3}.Debug|x64.ActiveCfg = Debug|iPhone
		{5EA4025F-CE7B-4562-91F1-7EC297D0EEF3}.Debug|x64.Build.0 = Debug|iPhone
		{5EA4025F-CE7B-4562-91F1-7EC297D0EEF3}.Debug|x64.Deploy.0 = Debug|iPhone
		{5EA4025F-CE7B-4562-91F1-7EC297D0EEF3}.Debug|x86.ActiveCfg = Debug|iPhoneSimulator
		{5EA4025F-CE7B-4562-91F1-7EC297D0EEF3}.Debug|x86.Build.0 = Debug|iPhoneSimulator
		{5EA4025F-CE7B-4562-91F1-7EC297D0EEF3}.Debug|x86.Deploy.0 = Debug|iPhoneSimulator
		{5EA4025F-CE7B-4562-91F1-7EC297D0EEF3}.Release|Any CPU.ActiveCfg = Release|iPhoneSimulator
		{5EA4025F-CE7B-4562-91F1-7EC297D0EEF3}.Release|Any CPU.Build.0 = Release|iPhoneSimulator
		{5EA4025F-CE7B-4562-91F1-7EC297D0EEF3}.Release|Any CPU.Deploy.0 = Release|iPhoneSimulator
		{5EA4025F-CE7B-4562-91F1-7EC297D0EEF3}.Release|ARM.ActiveCfg = Release|iPhoneSimulator
		{5EA4025F-CE7B-4562-91F1-7EC297D0EEF3}.Release|ARM.Build.0 = Release|iPhoneSimulator
		{5EA4025F-CE7B-4562-91F1-7EC297D0EEF3}.Release|ARM.Deploy.0 = Release|iPhoneSimulator
		{5EA4025F-CE7B-4562-91F1-7EC297D0EEF3}.Release|iPhone.ActiveCfg = Release|iPhone
		{5EA4025F-CE7B-4562-91F1-7EC297D0EEF3}.Release|iPhone.Build.0 = Release|iPhone
		{5EA4025F-CE7B-4562-91F1-7EC297D0EEF3}.Release|iPhone.Deploy.0 = Release|iPhone
		{5EA4025F-CE7B-4562-91F1-7EC297D0EEF3}.Release|iPhoneSimulator.ActiveCfg = Release|iPhoneSimulator
		{5EA4025F-CE7B-4562-91F1-7EC297D0EEF3}.Release|iPhoneSimulator.Build.0 = Release|iPhoneSimulator
		{5EA4025F-CE7B-4562-91F1-7EC297D0EEF3}.Release|iPhoneSimulator.Deploy.0 = Release|iPhoneSimulator
		{5EA4025F-CE7B-4562-91F1-7EC297D0EEF3}.Release|x64.ActiveCfg = Release|iPhoneSimulator
		{5EA4025F-CE7B-4562-91F1-7EC297D0EEF3}.Release|x64.Build.0 = Release|iPhoneSimulator
		{5EA4025F-CE7B-4562-91F1-7EC297D0EEF3}.Release|x64.Deploy.0 = Release|iPhoneSimulator
		{5EA4025F-CE7B-4562-91F1-7EC297D0EEF3}.Release|x86.ActiveCfg = Release|iPhoneSimulator
		{5EA4025F-CE7B-4562-91F1-7EC297D0EEF3}.Release|x86.Build.0 = Release|iPhoneSimulator
		{5EA4025F-CE7B-4562-91F1-7EC297D0EEF3}.Release|x86.Deploy.0 = Release|iPhoneSimulator
		{487E5AE7-1872-4455-88BB-27849A986281}.Debug|Any CPU.ActiveCfg = Debug|Any CPU
		{487E5AE7-1872-4455-88BB-27849A986281}.Debug|Any CPU.Build.0 = Debug|Any CPU
		{487E5AE7-1872-4455-88BB-27849A986281}.Debug|Any CPU.Deploy.0 = Debug|Any CPU
		{487E5AE7-1872-4455-88BB-27849A986281}.Debug|ARM.ActiveCfg = Debug|Any CPU
		{487E5AE7-1872-4455-88BB-27849A986281}.Debug|ARM.Build.0 = Debug|Any CPU
		{487E5AE7-1872-4455-88BB-27849A986281}.Debug|ARM.Deploy.0 = Debug|Any CPU
		{487E5AE7-1872-4455-88BB-27849A986281}.Debug|iPhone.ActiveCfg = Debug|Any CPU
		{487E5AE7-1872-4455-88BB-27849A986281}.Debug|iPhone.Build.0 = Debug|Any CPU
		{487E5AE7-1872-4455-88BB-27849A986281}.Debug|iPhone.Deploy.0 = Debug|Any CPU
		{487E5AE7-1872-4455-88BB-27849A986281}.Debug|iPhoneSimulator.ActiveCfg = Debug|Any CPU
		{487E5AE7-1872-4455-88BB-27849A986281}.Debug|iPhoneSimulator.Build.0 = Debug|Any CPU
		{487E5AE7-1872-4455-88BB-27849A986281}.Debug|iPhoneSimulator.Deploy.0 = Debug|Any CPU
		{487E5AE7-1872-4455-88BB-27849A986281}.Debug|x64.ActiveCfg = Debug|Any CPU
		{487E5AE7-1872-4455-88BB-27849A986281}.Debug|x64.Build.0 = Debug|Any CPU
		{487E5AE7-1872-4455-88BB-27849A986281}.Debug|x64.Deploy.0 = Debug|Any CPU
		{487E5AE7-1872-4455-88BB-27849A986281}.Debug|x86.ActiveCfg = Debug|Any CPU
		{487E5AE7-1872-4455-88BB-27849A986281}.Debug|x86.Build.0 = Debug|Any CPU
		{487E5AE7-1872-4455-88BB-27849A986281}.Debug|x86.Deploy.0 = Debug|Any CPU
		{487E5AE7-1872-4455-88BB-27849A986281}.Release|Any CPU.ActiveCfg = Release|Any CPU
		{487E5AE7-1872-4455-88BB-27849A986281}.Release|Any CPU.Build.0 = Release|Any CPU
		{487E5AE7-1872-4455-88BB-27849A986281}.Release|Any CPU.Deploy.0 = Release|Any CPU
		{487E5AE7-1872-4455-88BB-27849A986281}.Release|ARM.ActiveCfg = Release|Any CPU
		{487E5AE7-1872-4455-88BB-27849A986281}.Release|ARM.Build.0 = Release|Any CPU
		{487E5AE7-1872-4455-88BB-27849A986281}.Release|ARM.Deploy.0 = Release|Any CPU
		{487E5AE7-1872-4455-88BB-27849A986281}.Release|iPhone.ActiveCfg = Release|Any CPU
		{487E5AE7-1872-4455-88BB-27849A986281}.Release|iPhone.Build.0 = Release|Any CPU
		{487E5AE7-1872-4455-88BB-27849A986281}.Release|iPhone.Deploy.0 = Release|Any CPU
		{487E5AE7-1872-4455-88BB-27849A986281}.Release|iPhoneSimulator.ActiveCfg = Release|Any CPU
		{487E5AE7-1872-4455-88BB-27849A986281}.Release|iPhoneSimulator.Build.0 = Release|Any CPU
		{487E5AE7-1872-4455-88BB-27849A986281}.Release|iPhoneSimulator.Deploy.0 = Release|Any CPU
		{487E5AE7-1872-4455-88BB-27849A986281}.Release|x64.ActiveCfg = Release|Any CPU
		{487E5AE7-1872-4455-88BB-27849A986281}.Release|x64.Build.0 = Release|Any CPU
		{487E5AE7-1872-4455-88BB-27849A986281}.Release|x64.Deploy.0 = Release|Any CPU
		{487E5AE7-1872-4455-88BB-27849A986281}.Release|x86.ActiveCfg = Release|Any CPU
		{487E5AE7-1872-4455-88BB-27849A986281}.Release|x86.Build.0 = Release|Any CPU
		{487E5AE7-1872-4455-88BB-27849A986281}.Release|x86.Deploy.0 = Release|Any CPU
	EndGlobalSection
	GlobalSection(SolutionProperties) = preSolution
		HideSolutionNode = FALSE
	EndGlobalSection
	GlobalSection(ExtensibilityGlobals) = postSolution
		SolutionGuid = {36EC4174-4BE4-4E7B-9B4E-A4F71FA1FE16}
	EndGlobalSection
EndGlobal
